
Microsoft Visual Studio Solution File, Format Version 12.00
Project("{FAE04EC0-301F-11D3-BF4B-00C04F79EFBC}") = "Cedict", "Cedict\Cedict.csproj", "{A38DA739-FB6E-4E68-9B18-13EC24F9C1A9}"
EndProject
Global
	GlobalSection(SolutionConfigurationPlatforms) = preSolution
		Debug|Any CPU = Debug|Any CPU
		Release|Any CPU = Release|Any CPU
	EndGlobalSection
	GlobalSection(ProjectConfigurationPlatforms) = postSolution
		{A38DA739-FB6E-4E68-9B18-13EC24F9C1A9}.Debug|Any CPU.ActiveCfg = Debug|Any CPU
		{A38DA739-FB6E-4E68-9B18-13EC24F9C1A9}.Debug|Any CPU.Build.0 = Debug|Any CPU
		{A38DA739-FB6E-4E68-9B18-13EC24F9C1A9}.Release|Any CPU.ActiveCfg = Release|Any CPU
		{A38DA739-FB6E-4E68-9B18-13EC24F9C1A9}.Release|Any CPU.Build.0 = Release|Any CPU
	EndGlobalSection
EndGlobal
